
Microsoft Visual Studio Solution File, Format Version 12.00
# Visual Studio Version 17
VisualStudioVersion = 17.0.32112.339
MinimumVisualStudioVersion = 10.0.40219.1
Project("{FAE04EC0-301F-11D3-BF4B-00C04F79EFBC}") = "Curitiba - Desktop", "Curitiba - Desktop\Curitiba - Desktop.csproj", "{3DBA7D24-CB7E-4B13-A06F-6A7E506C9035}"
EndProject
Global
	GlobalSection(SolutionConfigurationPlatforms) = preSolution
		Debug|Any CPU = Debug|Any CPU
		Release|Any CPU = Release|Any CPU
	EndGlobalSection
	GlobalSection(ProjectConfigurationPlatforms) = postSolution
		{3DBA7D24-CB7E-4B13-A06F-6A7E506C9035}.Debug|Any CPU.ActiveCfg = Debug|Any CPU
		{3DBA7D24-CB7E-4B13-A06F-6A7E506C9035}.Debug|Any CPU.Build.0 = Debug|Any CPU
		{3DBA7D24-CB7E-4B13-A06F-6A7E506C9035}.Release|Any CPU.ActiveCfg = Release|Any CPU
		{3DBA7D24-CB7E-4B13-A06F-6A7E506C9035}.Release|Any CPU.Build.0 = Release|Any CPU
	EndGlobalSection
	GlobalSection(SolutionProperties) = preSolution
		HideSolutionNode = FALSE
	EndGlobalSection
	GlobalSection(ExtensibilityGlobals) = postSolution
		SolutionGuid = {A93DAE3B-5E65-4B7F-B323-6157E6ADBE73}
	EndGlobalSection
EndGlobal
