
Microsoft Visual Studio Solution File, Format Version 12.00
# Visual Studio Version 17
VisualStudioVersion = 17.0.32112.339
MinimumVisualStudioVersion = 10.0.40219.1
Project("{FAE04EC0-301F-11D3-BF4B-00C04F79EFBC}") = "BaldeDeTinta", "BaldeDeTinta\BaldeDeTinta.csproj", "{3CCDB059-B6E1-4F7C-B989-E7E4C7A09E71}"
EndProject
Global
	GlobalSection(SolutionConfigurationPlatforms) = preSolution
		Debug|Any CPU = Debug|Any CPU
		Release|Any CPU = Release|Any CPU
	EndGlobalSection
	GlobalSection(ProjectConfigurationPlatforms) = postSolution
		{3CCDB059-B6E1-4F7C-B989-E7E4C7A09E71}.Debug|Any CPU.ActiveCfg = Debug|Any CPU
		{3CCDB059-B6E1-4F7C-B989-E7E4C7A09E71}.Debug|Any CPU.Build.0 = Debug|Any CPU
		{3CCDB059-B6E1-4F7C-B989-E7E4C7A09E71}.Release|Any CPU.ActiveCfg = Release|Any CPU
		{3CCDB059-B6E1-4F7C-B989-E7E4C7A09E71}.Release|Any CPU.Build.0 = Release|Any CPU
	EndGlobalSection
	GlobalSection(SolutionProperties) = preSolution
		HideSolutionNode = FALSE
	EndGlobalSection
	GlobalSection(ExtensibilityGlobals) = postSolution
		SolutionGuid = {4540B63E-D6CB-49E8-8CED-BB359C679DB0}
	EndGlobalSection
EndGlobal
