
Microsoft Visual Studio Solution File, Format Version 12.00
# Visual Studio Version 17
VisualStudioVersion = 17.0.32112.339
MinimumVisualStudioVersion = 10.0.40219.1
Project("{FAE04EC0-301F-11D3-BF4B-00C04F79EFBC}") = "back", "back\back.csproj", "{6A131F22-1D0F-45D1-BD41-79500AB95A84}"
EndProject
Global
	GlobalSection(SolutionConfigurationPlatforms) = preSolution
		Debug|Any CPU = Debug|Any CPU
		Release|Any CPU = Release|Any CPU
	EndGlobalSection
	GlobalSection(ProjectConfigurationPlatforms) = postSolution
		{6A131F22-1D0F-45D1-BD41-79500AB95A84}.Debug|Any CPU.ActiveCfg = Debug|Any CPU
		{6A131F22-1D0F-45D1-BD41-79500AB95A84}.Debug|Any CPU.Build.0 = Debug|Any CPU
		{6A131F22-1D0F-45D1-BD41-79500AB95A84}.Release|Any CPU.ActiveCfg = Release|Any CPU
		{6A131F22-1D0F-45D1-BD41-79500AB95A84}.Release|Any CPU.Build.0 = Release|Any CPU
	EndGlobalSection
	GlobalSection(SolutionProperties) = preSolution
		HideSolutionNode = FALSE
	EndGlobalSection
	GlobalSection(ExtensibilityGlobals) = postSolution
		SolutionGuid = {18F85FBE-AEF0-4FBB-8B88-9F8045BF752D}
	EndGlobalSection
EndGlobal
